// !$*UTF8*$!
{
	archiveVersion = 1;
	classes = {
	};
	objectVersion = 46;
	objects = {

/* Begin PBXBuildFile section */
		CF591AB21D9997BA005B4FC0 /* example1.cpp in Sources */ = {isa = PBXBuildFile; fileRef = CF591AAC1D9997BA005B4FC0 /* example1.cpp */; };
		CF591AB31D9997BA005B4FC0 /* InitShader.cp in Sources */ = {isa = PBXBuildFile; fileRef = CF591AAE1D9997BA005B4FC0 /* InitShader.cp */; };
		CF591AB51D9997E9005B4FC0 /* GLUT.framework in Frameworks */ = {isa = PBXBuildFile; fileRef = CF591AB41D9997E9005B4FC0 /* GLUT.framework */; };
		CF591AB71D9997EF005B4FC0 /* OpenGL.framework in Frameworks */ = {isa = PBXBuildFile; fileRef = CF591AB61D9997EF005B4FC0 /* OpenGL.framework */; };
/* End PBXBuildFile section */

/* Begin PBXCopyFilesBuildPhase section */
		CF591A9E1D99979E005B4FC0 /* CopyFiles */ = {
			isa = PBXCopyFilesBuildPhase;
			buildActionMask = 2147483647;
			dstPath = /usr/share/man/man1/;
			dstSubfolderSpec = 0;
			files = (
			);
			runOnlyForDeploymentPostprocessing = 1;
		};
/* End PBXCopyFilesBuildPhase section */

/* Begin PBXFileReference section */
		CF591AA01D99979E005B4FC0 /* camera */ = {isa = PBXFileReference; explicitFileType = "compiled.mach-o.executable"; includeInIndex = 0; path = camera; sourceTree = BUILT_PRODUCTS_DIR; };
		CF591AAA1D9997BA005B4FC0 /* Angel.h */ = {isa = PBXFileReference; fileEncoding = 4; lastKnownFileType = sourcecode.c.h; name = Angel.h; path = ../../../../src22/Angel.h; sourceTree = "<group>"; };
		CF591AAB1D9997BA005B4FC0 /* CheckError.h */ = {isa = PBXFileReference; fileEncoding = 4; lastKnownFileType = sourcecode.c.h; name = CheckError.h; path = ../../../../src22/CheckError.h; sourceTree = "<group>"; };
		CF591AAC1D9997BA005B4FC0 /* example1.cpp */ = {isa = PBXFileReference; fileEncoding = 4; lastKnownFileType = sourcecode.cpp.cpp; name = example1.cpp; path = ../../../../src22/example1.cpp; sourceTree = "<group>"; };
		CF591AAD1D9997BA005B4FC0 /* fshader21.glsl */ = {isa = PBXFileReference; fileEncoding = 4; lastKnownFileType = text; name = fshader21.glsl; path = ../../../../src22/fshader21.glsl; sourceTree = "<group>"; };
		CF591AAE1D9997BA005B4FC0 /* InitShader.cp */ = {isa = PBXFileReference; fileEncoding = 4; lastKnownFileType = sourcecode.cpp.cpp; name = InitShader.cp; path = ../../../../src22/InitShader.cp; sourceTree = "<group>"; };
		CF591AAF1D9997BA005B4FC0 /* mat.h */ = {isa = PBXFileReference; fileEncoding = 4; lastKnownFileType = sourcecode.c.h; name = mat.h; path = ../../../../src22/mat.h; sourceTree = "<group>"; };
		CF591AB01D9997BA005B4FC0 /* vec.h */ = {isa = PBXFileReference; fileEncoding = 4; lastKnownFileType = sourcecode.c.h; name = vec.h; path = ../../../../src22/vec.h; sourceTree = "<group>"; };
		CF591AB11D9997BA005B4FC0 /* vshader21.glsl */ = {isa = PBXFileReference; fileEncoding = 4; lastKnownFileType = text; name = vshader21.glsl; path = ../../../../src22/vshader21.glsl; sourceTree = "<group>"; };
		CF591AB41D9997E9005B4FC0 /* GLUT.framework */ = {isa = PBXFileReference; lastKnownFileType = wrapper.framework; name = GLUT.framework; path = System/Library/Frameworks/GLUT.framework; sourceTree = SDKROOT; };
		CF591AB61D9997EF005B4FC0 /* OpenGL.framework */ = {isa = PBXFileReference; lastKnownFileType = wrapper.framework; name = OpenGL.framework; path = System/Library/Frameworks/OpenGL.framework; sourceTree = SDKROOT; };
		CF591AB91D999860005B4FC0 /* simplemodels.h */ = {isa = PBXFileReference; lastKnownFileType = sourcecode.c.h; name = simplemodels.h; path = ../../../../test22/test22/simplemodels.h; sourceTree = "<group>"; };
/* End PBXFileReference section */

/* Begin PBXFrameworksBuildPhase section */
		CF591A9D1D99979E005B4FC0 /* Frameworks */ = {
			isa = PBXFrameworksBuildPhase;
			buildActionMask = 2147483647;
			files = (
				CF591AB71D9997EF005B4FC0 /* OpenGL.framework in Frameworks */,
				CF591AB51D9997E9005B4FC0 /* GLUT.framework in Frameworks */,
			);
			runOnlyForDeploymentPostprocessing = 0;
		};
/* End PBXFrameworksBuildPhase section */

/* Begin PBXGroup section */
		CF591A971D99979E005B4FC0 = {
			isa = PBXGroup;
			children = (
				CF591AB61D9997EF005B4FC0 /* OpenGL.framework */,
				CF591AB41D9997E9005B4FC0 /* GLUT.framework */,
				CF591AA21D99979E005B4FC0 /* camera */,
				CF591AA11D99979E005B4FC0 /* Products */,
			);
			sourceTree = "<group>";
		};
		CF591AA11D99979E005B4FC0 /* Products */ = {
			isa = PBXGroup;
			children = (
				CF591AA01D99979E005B4FC0 /* camera */,
			);
			name = Products;
			sourceTree = "<group>";
		};
		CF591AA21D99979E005B4FC0 /* camera */ = {
			isa = PBXGroup;
			children = (
				CF591AAA1D9997BA005B4FC0 /* Angel.h */,
				CF591AAB1D9997BA005B4FC0 /* CheckError.h */,
				CF591AAC1D9997BA005B4FC0 /* example1.cpp */,
				CF591AAD1D9997BA005B4FC0 /* fshader21.glsl */,
				CF591AAE1D9997BA005B4FC0 /* InitShader.cp */,
				CF591AB91D999860005B4FC0 /* simplemodels.h */,
				CF591AAF1D9997BA005B4FC0 /* mat.h */,
				CF591AB01D9997BA005B4FC0 /* vec.h */,
				CF591AB11D9997BA005B4FC0 /* vshader21.glsl */,
			);
			path = camera;
			sourceTree = "<group>";
		};
/* End PBXGroup section */

/* Begin PBXNativeTarget section */
		CF591A9F1D99979E005B4FC0 /* camera */ = {
			isa = PBXNativeTarget;
			buildConfigurationList = CF591AA71D99979E005B4FC0 /* Build configuration list for PBXNativeTarget "camera" */;
			buildPhases = (
				CF591A9C1D99979E005B4FC0 /* Sources */,
				CF591A9D1D99979E005B4FC0 /* Frameworks */,
				CF591A9E1D99979E005B4FC0 /* CopyFiles */,
			);
			buildRules = (
			);
			dependencies = (
			);
			name = camera;
			productName = camera;
			productReference = CF591AA01D99979E005B4FC0 /* camera */;
			productType = "com.apple.product-type.tool";
		};
/* End PBXNativeTarget section */

/* Begin PBXProject section */
		CF591A981D99979E005B4FC0 /* Project object */ = {
			isa = PBXProject;
			attributes = {
				LastUpgradeCheck = 0730;
				ORGANIZATIONNAME = "Lina, Ralph";
				TargetAttributes = {
					CF591A9F1D99979E005B4FC0 = {
						CreatedOnToolsVersion = 7.3.1;
					};
				};
			};
			buildConfigurationList = CF591A9B1D99979E005B4FC0 /* Build configuration list for PBXProject "camera" */;
			compatibilityVersion = "Xcode 3.2";
			developmentRegion = English;
			hasScannedForEncodings = 0;
			knownRegions = (
				en,
			);
			mainGroup = CF591A971D99979E005B4FC0;
			productRefGroup = CF591AA11D99979E005B4FC0 /* Products */;
			projectDirPath = "";
			projectRoot = "";
			targets = (
				CF591A9F1D99979E005B4FC0 /* camera */,
			);
		};
/* End PBXProject section */

/* Begin PBXSourcesBuildPhase section */
		CF591A9C1D99979E005B4FC0 /* Sources */ = {
			isa = PBXSourcesBuildPhase;
			buildActionMask = 2147483647;
			files = (
				CF591AB21D9997BA005B4FC0 /* example1.cpp in Sources */,
				CF591AB31D9997BA005B4FC0 /* InitShader.cp in Sources */,
			);
			runOnlyForDeploymentPostprocessing = 0;
		};
/* End PBXSourcesBuildPhase section */

/* Begin XCBuildConfiguration section */
		CF591AA51D99979E005B4FC0 /* Debug */ = {
			isa = XCBuildConfiguration;
			buildSettings = {
				ALWAYS_SEARCH_USER_PATHS = NO;
				CLANG_ANALYZER_NONNULL = YES;
				CLANG_CXX_LANGUAGE_STANDARD = "gnu++0x";
				CLANG_CXX_LIBRARY = "libc++";
				CLANG_ENABLE_MODULES = YES;
				CLANG_ENABLE_OBJC_ARC = YES;
				CLANG_WARN_BOOL_CONVERSION = YES;
				CLANG_WARN_CONSTANT_CONVERSION = YES;
				CLANG_WARN_DIRECT_OBJC_ISA_USAGE = YES_ERROR;
				CLANG_WARN_EMPTY_BODY = YES;
				CLANG_WARN_ENUM_CONVERSION = YES;
				CLANG_WARN_INT_CONVERSION = YES;
				CLANG_WARN_OBJC_ROOT_CLASS = YES_ERROR;
				CLANG_WARN_UNREACHABLE_CODE = YES;
				CLANG_WARN__DUPLICATE_METHOD_MATCH = YES;
				CODE_SIGN_IDENTITY = "-";
				COPY_PHASE_STRIP = NO;
				DEBUG_INFORMATION_FORMAT = dwarf;
				ENABLE_STRICT_OBJC_MSGSEND = YES;
				ENABLE_TESTABILITY = YES;
				GCC_C_LANGUAGE_STANDARD = gnu99;
				GCC_DYNAMIC_NO_PIC = NO;
				GCC_NO_COMMON_BLOCKS = YES;
				GCC_OPTIMIZATION_LEVEL = 0;
				GCC_PREPROCESSOR_DEFINITIONS = (
					"DEBUG=1",
					"$(inherited)",
				);
				GCC_WARN_64_TO_32_BIT_CONVERSION = YES;
				GCC_WARN_ABOUT_RETURN_TYPE = YES_ERROR;
				GCC_WARN_UNDECLARED_SELECTOR = YES;
				GCC_WARN_UNINITIALIZED_AUTOS = YES_AGGRESSIVE;
				GCC_WARN_UNUSED_FUNCTION = YES;
				GCC_WARN_UNUSED_VARIABLE = YES;
				MACOSX_DEPLOYMENT_TARGET = 10.11;
				MTL_ENABLE_DEBUG_INFO = YES;
				ONLY_ACTIVE_ARCH = YES;
				SDKROOT = macosx;
			};
			name = Debug;
		};
		CF591AA61D99979E005B4FC0 /* Release */ = {
			isa = XCBuildConfiguration;
			buildSettings = {
				ALWAYS_SEARCH_USER_PATHS = NO;
				CLANG_ANALYZER_NONNULL = YES;
				CLANG_CXX_LANGUAGE_STANDARD = "gnu++0x";
				CLANG_CXX_LIBRARY = "libc++";
				CLANG_ENABLE_MODULES = YES;
				CLANG_ENABLE_OBJC_ARC = YES;
				CLANG_WARN_BOOL_CONVERSION = YES;
				CLANG_WARN_CONSTANT_CONVERSION = YES;
				CLANG_WARN_DIRECT_OBJC_ISA_USAGE = YES_ERROR;
				CLANG_WARN_EMPTY_BODY = YES;
				CLANG_WARN_ENUM_CONVERSION = YES;
				CLANG_WARN_INT_CONVERSION = YES;
				CLANG_WARN_OBJC_ROOT_CLASS = YES_ERROR;
				CLANG_WARN_UNREACHABLE_CODE = YES;
				CLANG_WARN__DUPLICATE_METHOD_MATCH = YES;
				CODE_SIGN_IDENTITY = "-";
				COPY_PHASE_STRIP = NO;
				DEBUG_INFORMATION_FORMAT = "dwarf-with-dsym";
				ENABLE_NS_ASSERTIONS = NO;
				ENABLE_STRICT_OBJC_MSGSEND = YES;
				GCC_C_LANGUAGE_STANDARD = gnu99;
				GCC_NO_COMMON_BLOCKS = YES;
				GCC_WARN_64_TO_32_BIT_CONVERSION = YES;
				GCC_WARN_ABOUT_RETURN_TYPE = YES_ERROR;
				GCC_WARN_UNDECLARED_SELECTOR = YES;
				GCC_WARN_UNINITIALIZED_AUTOS = YES_AGGRESSIVE;
				GCC_WARN_UNUSED_FUNCTION = YES;
				GCC_WARN_UNUSED_VARIABLE = YES;
				MACOSX_DEPLOYMENT_TARGET = 10.11;
				MTL_ENABLE_DEBUG_INFO = NO;
				SDKROOT = macosx;
			};
			name = Release;
		};
		CF591AA81D99979E005B4FC0 /* Debug */ = {
			isa = XCBuildConfiguration;
			buildSettings = {
				GCC_PREPROCESSOR_DEFINITIONS = "";
				PRODUCT_NAME = "$(TARGET_NAME)";
			};
			name = Debug;
		};
		CF591AA91D99979E005B4FC0 /* Release */ = {
			isa = XCBuildConfiguration;
			buildSettings = {
				PRODUCT_NAME = "$(TARGET_NAME)";
			};
			name = Release;
		};
/* End XCBuildConfiguration section */

/* Begin XCConfigurationList section */
		CF591A9B1D99979E005B4FC0 /* Build configuration list for PBXProject "camera" */ = {
			isa = XCConfigurationList;
			buildConfigurations = (
				CF591AA51D99979E005B4FC0 /* Debug */,
				CF591AA61D99979E005B4FC0 /* Release */,
			);
			defaultConfigurationIsVisible = 0;
			defaultConfigurationName = Release;
		};
		CF591AA71D99979E005B4FC0 /* Build configuration list for PBXNativeTarget "camera" */ = {
			isa = XCConfigurationList;
			buildConfigurations = (
				CF591AA81D99979E005B4FC0 /* Debug */,
				CF591AA91D99979E005B4FC0 /* Release */,
			);
			defaultConfigurationIsVisible = 0;
			defaultConfigurationName = Release;
		};
/* End XCConfigurationList section */
	};
	rootObject = CF591A981D99979E005B4FC0 /* Project object */;
}
