// !$*UTF8*$!
{
	archiveVersion = 1;
	classes = {
	};
	objectVersion = 46;
	objects = {

/* Begin PBXBuildFile section */
		CF2DBAAB1D89B50A0026B608 /* example1.cpp in Sources */ = {isa = PBXBuildFile; fileRef = CF2DBAA51D89B50A0026B608 /* example1.cpp */; };
		CF2DBAAC1D89B50A0026B608 /* InitShader.cp in Sources */ = {isa = PBXBuildFile; fileRef = CF2DBAA71D89B50A0026B608 /* InitShader.cp */; };
		CF2DBAAE1D89B53E0026B608 /* GLUT.framework in Frameworks */ = {isa = PBXBuildFile; fileRef = CF2DBAAD1D89B53E0026B608 /* GLUT.framework */; };
		CF2DBAB01D89B5440026B608 /* OpenGL.framework in Frameworks */ = {isa = PBXBuildFile; fileRef = CF2DBAAF1D89B5440026B608 /* OpenGL.framework */; };
/* End PBXBuildFile section */

/* Begin PBXCopyFilesBuildPhase section */
		CF2DBA971D89B4F60026B608 /* CopyFiles */ = {
			isa = PBXCopyFilesBuildPhase;
			buildActionMask = 2147483647;
			dstPath = /usr/share/man/man1/;
			dstSubfolderSpec = 0;
			files = (
			);
			runOnlyForDeploymentPostprocessing = 1;
		};
/* End PBXCopyFilesBuildPhase section */

/* Begin PBXFileReference section */
		CF2DBA991D89B4F60026B608 /* cylinder2 */ = {isa = PBXFileReference; explicitFileType = "compiled.mach-o.executable"; includeInIndex = 0; path = cylinder2; sourceTree = BUILT_PRODUCTS_DIR; };
		CF2DBAA31D89B50A0026B608 /* Angel.h */ = {isa = PBXFileReference; fileEncoding = 4; lastKnownFileType = sourcecode.c.h; name = Angel.h; path = ../../../../src2/Angel.h; sourceTree = "<group>"; };
		CF2DBAA41D89B50A0026B608 /* CheckError.h */ = {isa = PBXFileReference; fileEncoding = 4; lastKnownFileType = sourcecode.c.h; name = CheckError.h; path = ../../../../src2/CheckError.h; sourceTree = "<group>"; };
		CF2DBAA51D89B50A0026B608 /* example1.cpp */ = {isa = PBXFileReference; fileEncoding = 4; lastKnownFileType = sourcecode.cpp.cpp; name = example1.cpp; path = ../../../../src2/example1.cpp; sourceTree = "<group>"; };
		CF2DBAA61D89B50A0026B608 /* fshader21.glsl */ = {isa = PBXFileReference; fileEncoding = 4; lastKnownFileType = text; name = fshader21.glsl; path = ../../../../src2/fshader21.glsl; sourceTree = "<group>"; };
		CF2DBAA71D89B50A0026B608 /* InitShader.cp */ = {isa = PBXFileReference; fileEncoding = 4; lastKnownFileType = sourcecode.cpp.cpp; name = InitShader.cp; path = ../../../../src2/InitShader.cp; sourceTree = "<group>"; };
		CF2DBAA81D89B50A0026B608 /* mat.h */ = {isa = PBXFileReference; fileEncoding = 4; lastKnownFileType = sourcecode.c.h; name = mat.h; path = ../../../../src2/mat.h; sourceTree = "<group>"; };
		CF2DBAA91D89B50A0026B608 /* vec.h */ = {isa = PBXFileReference; fileEncoding = 4; lastKnownFileType = sourcecode.c.h; name = vec.h; path = ../../../../src2/vec.h; sourceTree = "<group>"; };
		CF2DBAAA1D89B50A0026B608 /* vshader21.glsl */ = {isa = PBXFileReference; fileEncoding = 4; lastKnownFileType = text; name = vshader21.glsl; path = ../../../../src2/vshader21.glsl; sourceTree = "<group>"; };
		CF2DBAAD1D89B53E0026B608 /* GLUT.framework */ = {isa = PBXFileReference; lastKnownFileType = wrapper.framework; name = GLUT.framework; path = System/Library/Frameworks/GLUT.framework; sourceTree = SDKROOT; };
		CF2DBAAF1D89B5440026B608 /* OpenGL.framework */ = {isa = PBXFileReference; lastKnownFileType = wrapper.framework; name = OpenGL.framework; path = System/Library/Frameworks/OpenGL.framework; sourceTree = SDKROOT; };
/* End PBXFileReference section */

/* Begin PBXFrameworksBuildPhase section */
		CF2DBA961D89B4F60026B608 /* Frameworks */ = {
			isa = PBXFrameworksBuildPhase;
			buildActionMask = 2147483647;
			files = (
				CF2DBAB01D89B5440026B608 /* OpenGL.framework in Frameworks */,
				CF2DBAAE1D89B53E0026B608 /* GLUT.framework in Frameworks */,
			);
			runOnlyForDeploymentPostprocessing = 0;
		};
/* End PBXFrameworksBuildPhase section */

/* Begin PBXGroup section */
		CF2DBA901D89B4F60026B608 = {
			isa = PBXGroup;
			children = (
				CF2DBAAF1D89B5440026B608 /* OpenGL.framework */,
				CF2DBAAD1D89B53E0026B608 /* GLUT.framework */,
				CF2DBA9B1D89B4F60026B608 /* cylinder2 */,
				CF2DBA9A1D89B4F60026B608 /* Products */,
			);
			sourceTree = "<group>";
		};
		CF2DBA9A1D89B4F60026B608 /* Products */ = {
			isa = PBXGroup;
			children = (
				CF2DBA991D89B4F60026B608 /* cylinder2 */,
			);
			name = Products;
			sourceTree = "<group>";
		};
		CF2DBA9B1D89B4F60026B608 /* cylinder2 */ = {
			isa = PBXGroup;
			children = (
				CF2DBAA31D89B50A0026B608 /* Angel.h */,
				CF2DBAA41D89B50A0026B608 /* CheckError.h */,
				CF2DBAA51D89B50A0026B608 /* example1.cpp */,
				CF2DBAA61D89B50A0026B608 /* fshader21.glsl */,
				CF2DBAA71D89B50A0026B608 /* InitShader.cp */,
				CF2DBAA81D89B50A0026B608 /* mat.h */,
				CF2DBAA91D89B50A0026B608 /* vec.h */,
				CF2DBAAA1D89B50A0026B608 /* vshader21.glsl */,
			);
			path = cylinder2;
			sourceTree = "<group>";
		};
/* End PBXGroup section */

/* Begin PBXNativeTarget section */
		CF2DBA981D89B4F60026B608 /* cylinder2 */ = {
			isa = PBXNativeTarget;
			buildConfigurationList = CF2DBAA01D89B4F60026B608 /* Build configuration list for PBXNativeTarget "cylinder2" */;
			buildPhases = (
				CF2DBA951D89B4F60026B608 /* Sources */,
				CF2DBA961D89B4F60026B608 /* Frameworks */,
				CF2DBA971D89B4F60026B608 /* CopyFiles */,
			);
			buildRules = (
			);
			dependencies = (
			);
			name = cylinder2;
			productName = cylinder2;
			productReference = CF2DBA991D89B4F60026B608 /* cylinder2 */;
			productType = "com.apple.product-type.tool";
		};
/* End PBXNativeTarget section */

/* Begin PBXProject section */
		CF2DBA911D89B4F60026B608 /* Project object */ = {
			isa = PBXProject;
			attributes = {
				LastUpgradeCheck = 0730;
				ORGANIZATIONNAME = "Lina, Ralph";
				TargetAttributes = {
					CF2DBA981D89B4F60026B608 = {
						CreatedOnToolsVersion = 7.3.1;
					};
				};
			};
			buildConfigurationList = CF2DBA941D89B4F60026B608 /* Build configuration list for PBXProject "cylinder2" */;
			compatibilityVersion = "Xcode 3.2";
			developmentRegion = English;
			hasScannedForEncodings = 0;
			knownRegions = (
				en,
			);
			mainGroup = CF2DBA901D89B4F60026B608;
			productRefGroup = CF2DBA9A1D89B4F60026B608 /* Products */;
			projectDirPath = "";
			projectRoot = "";
			targets = (
				CF2DBA981D89B4F60026B608 /* cylinder2 */,
			);
		};
/* End PBXProject section */

/* Begin PBXSourcesBuildPhase section */
		CF2DBA951D89B4F60026B608 /* Sources */ = {
			isa = PBXSourcesBuildPhase;
			buildActionMask = 2147483647;
			files = (
				CF2DBAAB1D89B50A0026B608 /* example1.cpp in Sources */,
				CF2DBAAC1D89B50A0026B608 /* InitShader.cp in Sources */,
			);
			runOnlyForDeploymentPostprocessing = 0;
		};
/* End PBXSourcesBuildPhase section */

/* Begin XCBuildConfiguration section */
		CF2DBA9E1D89B4F60026B608 /* Debug */ = {
			isa = XCBuildConfiguration;
			buildSettings = {
				ALWAYS_SEARCH_USER_PATHS = NO;
				CLANG_ANALYZER_NONNULL = YES;
				CLANG_CXX_LANGUAGE_STANDARD = "gnu++0x";
				CLANG_CXX_LIBRARY = "libc++";
				CLANG_ENABLE_MODULES = YES;
				CLANG_ENABLE_OBJC_ARC = YES;
				CLANG_WARN_BOOL_CONVERSION = YES;
				CLANG_WARN_CONSTANT_CONVERSION = YES;
				CLANG_WARN_DIRECT_OBJC_ISA_USAGE = YES_ERROR;
				CLANG_WARN_EMPTY_BODY = YES;
				CLANG_WARN_ENUM_CONVERSION = YES;
				CLANG_WARN_INT_CONVERSION = YES;
				CLANG_WARN_OBJC_ROOT_CLASS = YES_ERROR;
				CLANG_WARN_UNREACHABLE_CODE = YES;
				CLANG_WARN__DUPLICATE_METHOD_MATCH = YES;
				CODE_SIGN_IDENTITY = "-";
				COPY_PHASE_STRIP = NO;
				DEBUG_INFORMATION_FORMAT = dwarf;
				ENABLE_STRICT_OBJC_MSGSEND = YES;
				ENABLE_TESTABILITY = YES;
				GCC_C_LANGUAGE_STANDARD = gnu99;
				GCC_DYNAMIC_NO_PIC = NO;
				GCC_NO_COMMON_BLOCKS = YES;
				GCC_OPTIMIZATION_LEVEL = 0;
				GCC_PREPROCESSOR_DEFINITIONS = (
					"DEBUG=1",
					"$(inherited)",
				);
				GCC_WARN_64_TO_32_BIT_CONVERSION = YES;
				GCC_WARN_ABOUT_RETURN_TYPE = YES_ERROR;
				GCC_WARN_UNDECLARED_SELECTOR = YES;
				GCC_WARN_UNINITIALIZED_AUTOS = YES_AGGRESSIVE;
				GCC_WARN_UNUSED_FUNCTION = YES;
				GCC_WARN_UNUSED_VARIABLE = YES;
				MACOSX_DEPLOYMENT_TARGET = 10.11;
				MTL_ENABLE_DEBUG_INFO = YES;
				ONLY_ACTIVE_ARCH = YES;
				SDKROOT = macosx;
			};
			name = Debug;
		};
		CF2DBA9F1D89B4F60026B608 /* Release */ = {
			isa = XCBuildConfiguration;
			buildSettings = {
				ALWAYS_SEARCH_USER_PATHS = NO;
				CLANG_ANALYZER_NONNULL = YES;
				CLANG_CXX_LANGUAGE_STANDARD = "gnu++0x";
				CLANG_CXX_LIBRARY = "libc++";
				CLANG_ENABLE_MODULES = YES;
				CLANG_ENABLE_OBJC_ARC = YES;
				CLANG_WARN_BOOL_CONVERSION = YES;
				CLANG_WARN_CONSTANT_CONVERSION = YES;
				CLANG_WARN_DIRECT_OBJC_ISA_USAGE = YES_ERROR;
				CLANG_WARN_EMPTY_BODY = YES;
				CLANG_WARN_ENUM_CONVERSION = YES;
				CLANG_WARN_INT_CONVERSION = YES;
				CLANG_WARN_OBJC_ROOT_CLASS = YES_ERROR;
				CLANG_WARN_UNREACHABLE_CODE = YES;
				CLANG_WARN__DUPLICATE_METHOD_MATCH = YES;
				CODE_SIGN_IDENTITY = "-";
				COPY_PHASE_STRIP = NO;
				DEBUG_INFORMATION_FORMAT = "dwarf-with-dsym";
				ENABLE_NS_ASSERTIONS = NO;
				ENABLE_STRICT_OBJC_MSGSEND = YES;
				GCC_C_LANGUAGE_STANDARD = gnu99;
				GCC_NO_COMMON_BLOCKS = YES;
				GCC_WARN_64_TO_32_BIT_CONVERSION = YES;
				GCC_WARN_ABOUT_RETURN_TYPE = YES_ERROR;
				GCC_WARN_UNDECLARED_SELECTOR = YES;
				GCC_WARN_UNINITIALIZED_AUTOS = YES_AGGRESSIVE;
				GCC_WARN_UNUSED_FUNCTION = YES;
				GCC_WARN_UNUSED_VARIABLE = YES;
				MACOSX_DEPLOYMENT_TARGET = 10.11;
				MTL_ENABLE_DEBUG_INFO = NO;
				SDKROOT = macosx;
			};
			name = Release;
		};
		CF2DBAA11D89B4F60026B608 /* Debug */ = {
			isa = XCBuildConfiguration;
			buildSettings = {
				GCC_PREPROCESSOR_DEFINITIONS = "";
				PRODUCT_NAME = "$(TARGET_NAME)";
			};
			name = Debug;
		};
		CF2DBAA21D89B4F60026B608 /* Release */ = {
			isa = XCBuildConfiguration;
			buildSettings = {
				PRODUCT_NAME = "$(TARGET_NAME)";
			};
			name = Release;
		};
/* End XCBuildConfiguration section */

/* Begin XCConfigurationList section */
		CF2DBA941D89B4F60026B608 /* Build configuration list for PBXProject "cylinder2" */ = {
			isa = XCConfigurationList;
			buildConfigurations = (
				CF2DBA9E1D89B4F60026B608 /* Debug */,
				CF2DBA9F1D89B4F60026B608 /* Release */,
			);
			defaultConfigurationIsVisible = 0;
			defaultConfigurationName = Release;
		};
		CF2DBAA01D89B4F60026B608 /* Build configuration list for PBXNativeTarget "cylinder2" */ = {
			isa = XCConfigurationList;
			buildConfigurations = (
				CF2DBAA11D89B4F60026B608 /* Debug */,
				CF2DBAA21D89B4F60026B608 /* Release */,
			);
			defaultConfigurationIsVisible = 0;
		};
/* End XCConfigurationList section */
	};
	rootObject = CF2DBA911D89B4F60026B608 /* Project object */;
}
